
Microsoft Visual Studio Solution File, Format Version 12.00
# Visual Studio Version 16
VisualStudioVersion = 16.0.29519.181
MinimumVisualStudioVersion = 10.0.40219.1
Project("{2150E333-8FDC-42A3-9474-1A3956D46DE8}") = "Example", "Example", "{6447FD98-2D85-48B0-9AC3-6D1D91B5399B}"
EndProject
Project("{2150E333-8FDC-42A3-9474-1A3956D46DE8}") = "Source", "Source", "{4352D366-EC5C-43F3-AD54-7A36A4BE0BA4}"
EndProject
Project("{9A19103F-16F7-4668-BE54-9A1E7A4F7556}") = "ModularMonolith.Payments", "Example\ModularMonolith.Payments\ModularMonolith.Payments.csproj", "{D4FC47BC-1170-4761-8308-B53C9B0B5140}"
EndProject
Project("{9A19103F-16F7-4668-BE54-9A1E7A4F7556}") = "ModularMonolith.Payments.ApplicationServices", "Example\ModularMonolith.Payments.ApplicationServices\ModularMonolith.Payments.ApplicationServices.csproj", "{F4C8104F-944D-4006-9A43-39B3BEDCEAA8}"
EndProject
Project("{9A19103F-16F7-4668-BE54-9A1E7A4F7556}") = "ModularMonolith.Payments.Commands", "Example\ModularMonolith.Payments.Commands\ModularMonolith.Payments.Commands.csproj", "{D1BF151C-BE5B-430B-A28F-8CFEE72E9A6E}"
EndProject
Project("{9A19103F-16F7-4668-BE54-9A1E7A4F7556}") = "ModularMonolith.Payments.Contracts", "Example\ModularMonolith.Payments.Contracts\ModularMonolith.Payments.Contracts.csproj", "{0CDE336C-118A-4966-B749-E103B3823B8C}"
EndProject
Project("{9A19103F-16F7-4668-BE54-9A1E7A4F7556}") = "ModularMonolith.Payments.Language", "Example\ModularMonolith.Payments.Language\ModularMonolith.Payments.Language.csproj", "{09BB3FBD-780A-4C4E-A016-6A46D14B6960}"
EndProject
Project("{9A19103F-16F7-4668-BE54-9A1E7A4F7556}") = "ModularMonolith.Payments.Queries", "Example\ModularMonolith.Payments.Queries\ModularMonolith.Payments.Queries.csproj", "{733C5DB5-4234-45C1-AB24-3A72C5CAD810}"
EndProject
Project("{9A19103F-16F7-4668-BE54-9A1E7A4F7556}") = "ModularMonolith.Persistence", "Example\ModularMonolith.Persistence\ModularMonolith.Persistence.csproj", "{B7EB2615-D8AB-446A-A2CD-4D5A2751B761}"
EndProject
Project("{9A19103F-16F7-4668-BE54-9A1E7A4F7556}") = "ModularMonolith.Persistence.Read", "Example\ModularMonolith.Persistence.Read\ModularMonolith.Persistence.Read.csproj", "{CBF1CB9B-A782-4E77-B640-ED916A9C2FD0}"
EndProject
Project("{9A19103F-16F7-4668-BE54-9A1E7A4F7556}") = "ModularMonolith.Registrations", "Example\ModularMonolith.Registrations\ModularMonolith.Registrations.csproj", "{AA0CC26D-4C34-447B-8B3C-3F7B253AFC50}"
EndProject
Project("{9A19103F-16F7-4668-BE54-9A1E7A4F7556}") = "ModularMonolith.Registrations.ApplicationServices", "Example\ModularMonolith.Registrations.ApplicationServices\ModularMonolith.Registrations.ApplicationServices.csproj", "{AAC66717-C9A9-4E5B-9243-E8A31CAFC18A}"
EndProject
Project("{9A19103F-16F7-4668-BE54-9A1E7A4F7556}") = "ModularMonolith.Registrations.Commands", "Example\ModularMonolith.Registrations.Commands\ModularMonolith.Registrations.Commands.csproj", "{8722498F-0350-4099-8197-9EFBF9DB6D63}"
EndProject
Project("{9A19103F-16F7-4668-BE54-9A1E7A4F7556}") = "ModularMonolith.Registrations.Contracts", "Example\ModularMonolith.Registrations.Contracts\ModularMonolith.Registrations.Contracts.csproj", "{581AD06F-154E-49A1-BA4C-63D2FB33F336}"
EndProject
Project("{9A19103F-16F7-4668-BE54-9A1E7A4F7556}") = "ModularMonolith.Registrations.EventHandlers", "Example\ModularMonolith.Registrations.EventHandlers\ModularMonolith.Registrations.EventHandlers.csproj", "{C47E8DA4-6AE2-4802-A70D-763A41EF5425}"
EndProject
Project("{9A19103F-16F7-4668-BE54-9A1E7A4F7556}") = "ModularMonolith.Registrations.Language", "Example\ModularMonolith.Registrations.Language\ModularMonolith.Registrations.Language.csproj", "{7D681D1A-B35E-4E81-A731-3FB7FE57649E}"
EndProject
Project("{9A19103F-16F7-4668-BE54-9A1E7A4F7556}") = "ModularMonolith.Registrations.Queries", "Example\ModularMonolith.Registrations.Queries\ModularMonolith.Registrations.Queries.csproj", "{921227EA-2EEB-40C8-881B-89E33DC68E9B}"
EndProject
Project("{2150E333-8FDC-42A3-9474-1A3956D46DE8}") = "Domain", "Domain", "{68B2FD7E-BE5C-4B57-A6FA-BDC77362B4CC}"
EndProject
Project("{2150E333-8FDC-42A3-9474-1A3956D46DE8}") = "Registrations", "Registrations", "{2C7885E8-6DCE-4826-8438-EAB51B22DCC5}"
EndProject
Project("{2150E333-8FDC-42A3-9474-1A3956D46DE8}") = "Payments", "Payments", "{99FAAD0B-4254-42A9-B8E3-D65A48522A4F}"
EndProject
Project("{2150E333-8FDC-42A3-9474-1A3956D46DE8}") = "Persistence", "Persistence", "{C06B46E2-FE3C-412E-87F0-F2BDEF068123}"
EndProject
Project("{2150E333-8FDC-42A3-9474-1A3956D46DE8}") = "Internal", "Internal", "{4F7D5EBC-C747-4C9C-800C-B39CB22A7B33}"
EndProject
Project("{2150E333-8FDC-42A3-9474-1A3956D46DE8}") = "Internal", "Internal", "{BD200150-4B6A-4E1C-A1BB-F4AB56A6CE58}"
EndProject
Project("{9A19103F-16F7-4668-BE54-9A1E7A4F7556}") = "Hexure", "Source\Hexure\Hexure.csproj", "{E7B9C3E2-6F28-4E5D-A1A7-9B2F313B5DB0}"
EndProject
Project("{2150E333-8FDC-42A3-9474-1A3956D46DE8}") = "API", "API", "{3DA7069C-3B35-44A6-97E5-31C50B0F666D}"
EndProject
Project("{2150E333-8FDC-42A3-9474-1A3956D46DE8}") = "Identity", "Identity", "{47A56782-2C0F-48ED-BB23-8BB727BE0BE7}"
EndProject
Project("{9A19103F-16F7-4668-BE54-9A1E7A4F7556}") = "IdentityServer", "Example\IdentityServer\IdentityServer.csproj", "{5D173104-581B-47FD-AAD7-C7F165438084}"
EndProject
Project("{2150E333-8FDC-42A3-9474-1A3956D46DE8}") = "Tests", "Tests", "{BDF498E9-8739-48DF-B72C-9456B4507A16}"
EndProject
Project("{9A19103F-16F7-4668-BE54-9A1E7A4F7556}") = "ModularMonolith.Tests", "Example\ModularMonolith.Tests\ModularMonolith.Tests.csproj", "{C35AFD08-EE68-4C7D-90E9-1C0ADDEFF14F}"
EndProject
Project("{9A19103F-16F7-4668-BE54-9A1E7A4F7556}") = "Hexure.Testing", "Source\Hexure.Testing\Hexure.Testing.csproj", "{D52DA70C-FD89-4B82-A42D-20454C0B1764}"
EndProject
Project("{9A19103F-16F7-4668-BE54-9A1E7A4F7556}") = "ModularMonolith.API", "Example\ModularMonolith.API\ModularMonolith.API.csproj", "{8E6E80AA-29D0-4C86-B5A3-65B49FB4BAFB}"
EndProject
Project("{9A19103F-16F7-4668-BE54-9A1E7A4F7556}") = "Hexure.Results", "Source\Hexure.Results\Hexure.Results.csproj", "{DCFE29DE-01FF-4CF5-A693-ECCA4A1ABE1A}"
EndProject
Project("{9A19103F-16F7-4668-BE54-9A1E7A4F7556}") = "ModularMonolith.Tests.Unit", "Example\ModularMonolith.Tests.Unit\ModularMonolith.Tests.Unit.csproj", "{CA94880F-D6D3-4A93-B27B-AB7BDAB1AED8}"
EndProject
Project("{2150E333-8FDC-42A3-9474-1A3956D46DE8}") = "Database", "Database", "{F534E01B-84FD-49BC-B6E5-93FCCDC94027}"
EndProject
Project("{9A19103F-16F7-4668-BE54-9A1E7A4F7556}") = "ModularMonolith.Database", "Example\ModularMonolith.Database\ModularMonolith.Database.csproj", "{FFB6DE1F-1E29-4B88-9DF6-77032060D0F6}"
EndProject
Project("{9A19103F-16F7-4668-BE54-9A1E7A4F7556}") = "ModularMonolith.Configuration", "Example\ModularMonolith.Configuration\ModularMonolith.Configuration.csproj", "{76D67869-C7FA-4FB4-8528-909E0D64FAF3}"
EndProject
Project("{2150E333-8FDC-42A3-9474-1A3956D46DE8}") = "Common", "Common", "{AB74F255-0C8E-40D8-8F26-6B5FEA417481}"
EndProject
Project("{9A19103F-16F7-4668-BE54-9A1E7A4F7556}") = "ModularMonolith.Dependencies", "Example\ModularMonolith.Dependencies\ModularMonolith.Dependencies.csproj", "{BFBF9147-4384-4372-8A83-445BA628E8D6}"
EndProject
Project("{9A19103F-16F7-4668-BE54-9A1E7A4F7556}") = "Hexure.EntityFrameworkCore", "Source\Hexure.EntityFrameworkCore\Hexure.EntityFrameworkCore.csproj", "{7C107FA6-E189-43ED-A7F7-1F3A5A9E8AED}"
EndProject
Project("{9A19103F-16F7-4668-BE54-9A1E7A4F7556}") = "Hexure.API", "Source\Hexure.API\Hexure.API.csproj", "{3FEB12BD-D245-4C57-83F5-7E0FC6313096}"
EndProject
Project("{9A19103F-16F7-4668-BE54-9A1E7A4F7556}") = "Hexure.EntityFrameworkCore.SqlServer", "Source\Hexure.EntityFrameworkCore.SqlServer\Hexure.EntityFrameworkCore.SqlServer.csproj", "{724D8FC9-9A7A-4A47-B866-8AFB57B05E6D}"
EndProject
Project("{9A19103F-16F7-4668-BE54-9A1E7A4F7556}") = "ModularMonolith.EventsPublisher", "Example\ModularMonolith.EventsPublisher\ModularMonolith.EventsPublisher.csproj", "{725AEBCC-52A8-450C-A8F8-29B7CA1B6463}"
EndProject
Project("{9A19103F-16F7-4668-BE54-9A1E7A4F7556}") = "Hexure.EventsPublisher", "Source\Hexure.EventsPublisher\Hexure.EventsPublisher.csproj", "{436702EF-0077-4EFC-B4C6-C9BCE70B0141}"
EndProject
Project("{9A19103F-16F7-4668-BE54-9A1E7A4F7556}") = "Hexure.EventsConsumer", "Source\Hexure.EventsConsumer\Hexure.EventsConsumer.csproj", "{797673F6-9205-413F-9613-0E98F64FB58C}"
EndProject
Project("{9A19103F-16F7-4668-BE54-9A1E7A4F7556}") = "ModularMonolith.EventsConsumer", "Example\ModularMonolith.EventsConsumer\ModularMonolith.EventsConsumer.csproj", "{5C0A0A02-97A6-4599-A6F3-2709B672849C}"
EndProject
Project("{9A19103F-16F7-4668-BE54-9A1E7A4F7556}") = "Hexure.MassTransit", "Source\Hexure.MassTransit\Hexure.MassTransit.csproj", "{69559E5D-4C43-453C-92BC-CEE127F74133}"
EndProject
Project("{9A19103F-16F7-4668-BE54-9A1E7A4F7556}") = "Hexure.MediatR", "Source\Hexure.MediatR\Hexure.MediatR.csproj", "{0AEB3A28-5B40-41EE-862F-744F28A95932}"
EndProject
Project("{2150E333-8FDC-42A3-9474-1A3956D46DE8}") = "Tests", "Tests", "{98F41D58-E06A-4AB5-AC80-13E8D13B1D3D}"
EndProject
Project("{9A19103F-16F7-4668-BE54-9A1E7A4F7556}") = "Hexure.Tests.Unit", "Source\Hexure.Tests.Unit\Hexure.Tests.Unit.csproj", "{ABA448FF-8F06-42AB-A43D-FB50AEEFA9E2}"
EndProject
Project("{FAE04EC0-301F-11D3-BF4B-00C04F79EFBC}") = "ModularMonolith.CommandServices", "Example\ModularMonolith.CommandServices\ModularMonolith.CommandServices.csproj", "{4C8E6750-97D4-4604-AA90-C263C5557B8E}"
EndProject
Project("{FAE04EC0-301F-11D3-BF4B-00C04F79EFBC}") = "ModularMonolith.QueryServices", "Example\ModularMonolith.QueryServices\ModularMonolith.QueryServices.csproj", "{F8341092-6C4A-400E-B20E-14E3A81BFBF5}"
EndProject
Project("{2150E333-8FDC-42A3-9474-1A3956D46DE8}") = "Exams", "Exams", "{5FBB51F6-F5E8-436D-A0D9-3A4AFAFE59F6}"
EndProject
Project("{FAE04EC0-301F-11D3-BF4B-00C04F79EFBC}") = "ModularMonolith.Exams.Language", "Example\ModularMonolith.Exams.Language\ModularMonolith.Exams.Language.csproj", "{1B3C702E-671F-4B21-AA99-D199BB5F1E5A}"
EndProject
Project("{FAE04EC0-301F-11D3-BF4B-00C04F79EFBC}") = "ModularMonolith.Exams.Events", "Example\ModularMonolith.Exams.Events\ModularMonolith.Exams.Events.csproj", "{A5CA203B-B0DF-4F87-851F-DD44F91C9F4D}"
EndProject
Project("{FAE04EC0-301F-11D3-BF4B-00C04F79EFBC}") = "ModularMonolith.Exams.Persistence", "Example\ModularMonolith.Exams.Persistence\ModularMonolith.Exams.Persistence.csproj", "{A05E8D01-2988-4427-BAE9-6EEDBCC17144}"
EndProject
Project("{FAE04EC0-301F-11D3-BF4B-00C04F79EFBC}") = "ModularMonolith.Exams.Domain", "Example\ModularMonolith.Exams.Domain\ModularMonolith.Exams.Domain.csproj", "{B8ED6D41-0957-4EEA-B098-ACB64D4A2556}"
EndProject
Project("{FAE04EC0-301F-11D3-BF4B-00C04F79EFBC}") = "ModularMonolith.ReadModels", "Example\ModularMonolith.ReadModels\ModularMonolith.ReadModels.csproj", "{D1B181EA-76DC-4A2B-85E4-B7464F984E27}"
EndProject
Project("{FAE04EC0-301F-11D3-BF4B-00C04F79EFBC}") = "ModularMonolith.Language", "Example\ModularMonolith.Language\ModularMonolith.Language.csproj", "{51C0F85C-BD3F-4551-B031-B9C4D074233D}"
EndProject
Global
	GlobalSection(SolutionConfigurationPlatforms) = preSolution
		Debug|Any CPU = Debug|Any CPU
		Release|Any CPU = Release|Any CPU
	EndGlobalSection
	GlobalSection(ProjectConfigurationPlatforms) = postSolution
		{D4FC47BC-1170-4761-8308-B53C9B0B5140}.Debug|Any CPU.ActiveCfg = Debug|Any CPU
		{D4FC47BC-1170-4761-8308-B53C9B0B5140}.Debug|Any CPU.Build.0 = Debug|Any CPU
		{D4FC47BC-1170-4761-8308-B53C9B0B5140}.Release|Any CPU.ActiveCfg = Release|Any CPU
		{D4FC47BC-1170-4761-8308-B53C9B0B5140}.Release|Any CPU.Build.0 = Release|Any CPU
		{F4C8104F-944D-4006-9A43-39B3BEDCEAA8}.Debug|Any CPU.ActiveCfg = Debug|Any CPU
		{F4C8104F-944D-4006-9A43-39B3BEDCEAA8}.Debug|Any CPU.Build.0 = Debug|Any CPU
		{F4C8104F-944D-4006-9A43-39B3BEDCEAA8}.Release|Any CPU.ActiveCfg = Release|Any CPU
		{F4C8104F-944D-4006-9A43-39B3BEDCEAA8}.Release|Any CPU.Build.0 = Release|Any CPU
		{D1BF151C-BE5B-430B-A28F-8CFEE72E9A6E}.Debug|Any CPU.ActiveCfg = Debug|Any CPU
		{D1BF151C-BE5B-430B-A28F-8CFEE72E9A6E}.Debug|Any CPU.Build.0 = Debug|Any CPU
		{D1BF151C-BE5B-430B-A28F-8CFEE72E9A6E}.Release|Any CPU.ActiveCfg = Release|Any CPU
		{D1BF151C-BE5B-430B-A28F-8CFEE72E9A6E}.Release|Any CPU.Build.0 = Release|Any CPU
		{0CDE336C-118A-4966-B749-E103B3823B8C}.Debug|Any CPU.ActiveCfg = Debug|Any CPU
		{0CDE336C-118A-4966-B749-E103B3823B8C}.Debug|Any CPU.Build.0 = Debug|Any CPU
		{0CDE336C-118A-4966-B749-E103B3823B8C}.Release|Any CPU.ActiveCfg = Release|Any CPU
		{0CDE336C-118A-4966-B749-E103B3823B8C}.Release|Any CPU.Build.0 = Release|Any CPU
		{09BB3FBD-780A-4C4E-A016-6A46D14B6960}.Debug|Any CPU.ActiveCfg = Debug|Any CPU
		{09BB3FBD-780A-4C4E-A016-6A46D14B6960}.Debug|Any CPU.Build.0 = Debug|Any CPU
		{09BB3FBD-780A-4C4E-A016-6A46D14B6960}.Release|Any CPU.ActiveCfg = Release|Any CPU
		{09BB3FBD-780A-4C4E-A016-6A46D14B6960}.Release|Any CPU.Build.0 = Release|Any CPU
		{733C5DB5-4234-45C1-AB24-3A72C5CAD810}.Debug|Any CPU.ActiveCfg = Debug|Any CPU
		{733C5DB5-4234-45C1-AB24-3A72C5CAD810}.Debug|Any CPU.Build.0 = Debug|Any CPU
		{733C5DB5-4234-45C1-AB24-3A72C5CAD810}.Release|Any CPU.ActiveCfg = Release|Any CPU
		{733C5DB5-4234-45C1-AB24-3A72C5CAD810}.Release|Any CPU.Build.0 = Release|Any CPU
		{B7EB2615-D8AB-446A-A2CD-4D5A2751B761}.Debug|Any CPU.ActiveCfg = Debug|Any CPU
		{B7EB2615-D8AB-446A-A2CD-4D5A2751B761}.Debug|Any CPU.Build.0 = Debug|Any CPU
		{B7EB2615-D8AB-446A-A2CD-4D5A2751B761}.Release|Any CPU.ActiveCfg = Release|Any CPU
		{B7EB2615-D8AB-446A-A2CD-4D5A2751B761}.Release|Any CPU.Build.0 = Release|Any CPU
		{CBF1CB9B-A782-4E77-B640-ED916A9C2FD0}.Debug|Any CPU.ActiveCfg = Debug|Any CPU
		{CBF1CB9B-A782-4E77-B640-ED916A9C2FD0}.Debug|Any CPU.Build.0 = Debug|Any CPU
		{CBF1CB9B-A782-4E77-B640-ED916A9C2FD0}.Release|Any CPU.ActiveCfg = Release|Any CPU
		{CBF1CB9B-A782-4E77-B640-ED916A9C2FD0}.Release|Any CPU.Build.0 = Release|Any CPU
		{AA0CC26D-4C34-447B-8B3C-3F7B253AFC50}.Debug|Any CPU.ActiveCfg = Debug|Any CPU
		{AA0CC26D-4C34-447B-8B3C-3F7B253AFC50}.Debug|Any CPU.Build.0 = Debug|Any CPU
		{AA0CC26D-4C34-447B-8B3C-3F7B253AFC50}.Release|Any CPU.ActiveCfg = Release|Any CPU
		{AA0CC26D-4C34-447B-8B3C-3F7B253AFC50}.Release|Any CPU.Build.0 = Release|Any CPU
		{AAC66717-C9A9-4E5B-9243-E8A31CAFC18A}.Debug|Any CPU.ActiveCfg = Debug|Any CPU
		{AAC66717-C9A9-4E5B-9243-E8A31CAFC18A}.Debug|Any CPU.Build.0 = Debug|Any CPU
		{AAC66717-C9A9-4E5B-9243-E8A31CAFC18A}.Release|Any CPU.ActiveCfg = Release|Any CPU
		{AAC66717-C9A9-4E5B-9243-E8A31CAFC18A}.Release|Any CPU.Build.0 = Release|Any CPU
		{8722498F-0350-4099-8197-9EFBF9DB6D63}.Debug|Any CPU.ActiveCfg = Debug|Any CPU
		{8722498F-0350-4099-8197-9EFBF9DB6D63}.Debug|Any CPU.Build.0 = Debug|Any CPU
		{8722498F-0350-4099-8197-9EFBF9DB6D63}.Release|Any CPU.ActiveCfg = Release|Any CPU
		{8722498F-0350-4099-8197-9EFBF9DB6D63}.Release|Any CPU.Build.0 = Release|Any CPU
		{581AD06F-154E-49A1-BA4C-63D2FB33F336}.Debug|Any CPU.ActiveCfg = Debug|Any CPU
		{581AD06F-154E-49A1-BA4C-63D2FB33F336}.Debug|Any CPU.Build.0 = Debug|Any CPU
		{581AD06F-154E-49A1-BA4C-63D2FB33F336}.Release|Any CPU.ActiveCfg = Release|Any CPU
		{581AD06F-154E-49A1-BA4C-63D2FB33F336}.Release|Any CPU.Build.0 = Release|Any CPU
		{C47E8DA4-6AE2-4802-A70D-763A41EF5425}.Debug|Any CPU.ActiveCfg = Debug|Any CPU
		{C47E8DA4-6AE2-4802-A70D-763A41EF5425}.Debug|Any CPU.Build.0 = Debug|Any CPU
		{C47E8DA4-6AE2-4802-A70D-763A41EF5425}.Release|Any CPU.ActiveCfg = Release|Any CPU
		{C47E8DA4-6AE2-4802-A70D-763A41EF5425}.Release|Any CPU.Build.0 = Release|Any CPU
		{7D681D1A-B35E-4E81-A731-3FB7FE57649E}.Debug|Any CPU.ActiveCfg = Debug|Any CPU
		{7D681D1A-B35E-4E81-A731-3FB7FE57649E}.Debug|Any CPU.Build.0 = Debug|Any CPU
		{7D681D1A-B35E-4E81-A731-3FB7FE57649E}.Release|Any CPU.ActiveCfg = Release|Any CPU
		{7D681D1A-B35E-4E81-A731-3FB7FE57649E}.Release|Any CPU.Build.0 = Release|Any CPU
		{921227EA-2EEB-40C8-881B-89E33DC68E9B}.Debug|Any CPU.ActiveCfg = Debug|Any CPU
		{921227EA-2EEB-40C8-881B-89E33DC68E9B}.Debug|Any CPU.Build.0 = Debug|Any CPU
		{921227EA-2EEB-40C8-881B-89E33DC68E9B}.Release|Any CPU.ActiveCfg = Release|Any CPU
		{921227EA-2EEB-40C8-881B-89E33DC68E9B}.Release|Any CPU.Build.0 = Release|Any CPU
		{E7B9C3E2-6F28-4E5D-A1A7-9B2F313B5DB0}.Debug|Any CPU.ActiveCfg = Debug|Any CPU
		{E7B9C3E2-6F28-4E5D-A1A7-9B2F313B5DB0}.Debug|Any CPU.Build.0 = Debug|Any CPU
		{E7B9C3E2-6F28-4E5D-A1A7-9B2F313B5DB0}.Release|Any CPU.ActiveCfg = Release|Any CPU
		{E7B9C3E2-6F28-4E5D-A1A7-9B2F313B5DB0}.Release|Any CPU.Build.0 = Release|Any CPU
		{5D173104-581B-47FD-AAD7-C7F165438084}.Debug|Any CPU.ActiveCfg = Debug|Any CPU
		{5D173104-581B-47FD-AAD7-C7F165438084}.Debug|Any CPU.Build.0 = Debug|Any CPU
		{5D173104-581B-47FD-AAD7-C7F165438084}.Release|Any CPU.ActiveCfg = Release|Any CPU
		{5D173104-581B-47FD-AAD7-C7F165438084}.Release|Any CPU.Build.0 = Release|Any CPU
		{C35AFD08-EE68-4C7D-90E9-1C0ADDEFF14F}.Debug|Any CPU.ActiveCfg = Debug|Any CPU
		{C35AFD08-EE68-4C7D-90E9-1C0ADDEFF14F}.Debug|Any CPU.Build.0 = Debug|Any CPU
		{C35AFD08-EE68-4C7D-90E9-1C0ADDEFF14F}.Release|Any CPU.ActiveCfg = Release|Any CPU
		{C35AFD08-EE68-4C7D-90E9-1C0ADDEFF14F}.Release|Any CPU.Build.0 = Release|Any CPU
		{D52DA70C-FD89-4B82-A42D-20454C0B1764}.Debug|Any CPU.ActiveCfg = Debug|Any CPU
		{D52DA70C-FD89-4B82-A42D-20454C0B1764}.Debug|Any CPU.Build.0 = Debug|Any CPU
		{D52DA70C-FD89-4B82-A42D-20454C0B1764}.Release|Any CPU.ActiveCfg = Release|Any CPU
		{D52DA70C-FD89-4B82-A42D-20454C0B1764}.Release|Any CPU.Build.0 = Release|Any CPU
		{8E6E80AA-29D0-4C86-B5A3-65B49FB4BAFB}.Debug|Any CPU.ActiveCfg = Debug|Any CPU
		{8E6E80AA-29D0-4C86-B5A3-65B49FB4BAFB}.Debug|Any CPU.Build.0 = Debug|Any CPU
		{8E6E80AA-29D0-4C86-B5A3-65B49FB4BAFB}.Release|Any CPU.ActiveCfg = Release|Any CPU
		{8E6E80AA-29D0-4C86-B5A3-65B49FB4BAFB}.Release|Any CPU.Build.0 = Release|Any CPU
		{DCFE29DE-01FF-4CF5-A693-ECCA4A1ABE1A}.Debug|Any CPU.ActiveCfg = Debug|Any CPU
		{DCFE29DE-01FF-4CF5-A693-ECCA4A1ABE1A}.Debug|Any CPU.Build.0 = Debug|Any CPU
		{DCFE29DE-01FF-4CF5-A693-ECCA4A1ABE1A}.Release|Any CPU.ActiveCfg = Release|Any CPU
		{DCFE29DE-01FF-4CF5-A693-ECCA4A1ABE1A}.Release|Any CPU.Build.0 = Release|Any CPU
		{CA94880F-D6D3-4A93-B27B-AB7BDAB1AED8}.Debug|Any CPU.ActiveCfg = Debug|Any CPU
		{CA94880F-D6D3-4A93-B27B-AB7BDAB1AED8}.Debug|Any CPU.Build.0 = Debug|Any CPU
		{CA94880F-D6D3-4A93-B27B-AB7BDAB1AED8}.Release|Any CPU.ActiveCfg = Release|Any CPU
		{CA94880F-D6D3-4A93-B27B-AB7BDAB1AED8}.Release|Any CPU.Build.0 = Release|Any CPU
		{FFB6DE1F-1E29-4B88-9DF6-77032060D0F6}.Debug|Any CPU.ActiveCfg = Debug|Any CPU
		{FFB6DE1F-1E29-4B88-9DF6-77032060D0F6}.Debug|Any CPU.Build.0 = Debug|Any CPU
		{FFB6DE1F-1E29-4B88-9DF6-77032060D0F6}.Release|Any CPU.ActiveCfg = Release|Any CPU
		{FFB6DE1F-1E29-4B88-9DF6-77032060D0F6}.Release|Any CPU.Build.0 = Release|Any CPU
		{76D67869-C7FA-4FB4-8528-909E0D64FAF3}.Debug|Any CPU.ActiveCfg = Debug|Any CPU
		{76D67869-C7FA-4FB4-8528-909E0D64FAF3}.Debug|Any CPU.Build.0 = Debug|Any CPU
		{76D67869-C7FA-4FB4-8528-909E0D64FAF3}.Release|Any CPU.ActiveCfg = Release|Any CPU
		{76D67869-C7FA-4FB4-8528-909E0D64FAF3}.Release|Any CPU.Build.0 = Release|Any CPU
		{BFBF9147-4384-4372-8A83-445BA628E8D6}.Debug|Any CPU.ActiveCfg = Debug|Any CPU
		{BFBF9147-4384-4372-8A83-445BA628E8D6}.Debug|Any CPU.Build.0 = Debug|Any CPU
		{BFBF9147-4384-4372-8A83-445BA628E8D6}.Release|Any CPU.ActiveCfg = Release|Any CPU
		{BFBF9147-4384-4372-8A83-445BA628E8D6}.Release|Any CPU.Build.0 = Release|Any CPU
		{7C107FA6-E189-43ED-A7F7-1F3A5A9E8AED}.Debug|Any CPU.ActiveCfg = Debug|Any CPU
		{7C107FA6-E189-43ED-A7F7-1F3A5A9E8AED}.Debug|Any CPU.Build.0 = Debug|Any CPU
		{7C107FA6-E189-43ED-A7F7-1F3A5A9E8AED}.Release|Any CPU.ActiveCfg = Release|Any CPU
		{7C107FA6-E189-43ED-A7F7-1F3A5A9E8AED}.Release|Any CPU.Build.0 = Release|Any CPU
		{3FEB12BD-D245-4C57-83F5-7E0FC6313096}.Debug|Any CPU.ActiveCfg = Debug|Any CPU
		{3FEB12BD-D245-4C57-83F5-7E0FC6313096}.Debug|Any CPU.Build.0 = Debug|Any CPU
		{3FEB12BD-D245-4C57-83F5-7E0FC6313096}.Release|Any CPU.ActiveCfg = Release|Any CPU
		{3FEB12BD-D245-4C57-83F5-7E0FC6313096}.Release|Any CPU.Build.0 = Release|Any CPU
		{724D8FC9-9A7A-4A47-B866-8AFB57B05E6D}.Debug|Any CPU.ActiveCfg = Debug|Any CPU
		{724D8FC9-9A7A-4A47-B866-8AFB57B05E6D}.Debug|Any CPU.Build.0 = Debug|Any CPU
		{724D8FC9-9A7A-4A47-B866-8AFB57B05E6D}.Release|Any CPU.ActiveCfg = Release|Any CPU
		{724D8FC9-9A7A-4A47-B866-8AFB57B05E6D}.Release|Any CPU.Build.0 = Release|Any CPU
		{725AEBCC-52A8-450C-A8F8-29B7CA1B6463}.Debug|Any CPU.ActiveCfg = Debug|Any CPU
		{725AEBCC-52A8-450C-A8F8-29B7CA1B6463}.Debug|Any CPU.Build.0 = Debug|Any CPU
		{725AEBCC-52A8-450C-A8F8-29B7CA1B6463}.Release|Any CPU.ActiveCfg = Release|Any CPU
		{725AEBCC-52A8-450C-A8F8-29B7CA1B6463}.Release|Any CPU.Build.0 = Release|Any CPU
		{436702EF-0077-4EFC-B4C6-C9BCE70B0141}.Debug|Any CPU.ActiveCfg = Debug|Any CPU
		{436702EF-0077-4EFC-B4C6-C9BCE70B0141}.Debug|Any CPU.Build.0 = Debug|Any CPU
		{436702EF-0077-4EFC-B4C6-C9BCE70B0141}.Release|Any CPU.ActiveCfg = Release|Any CPU
		{436702EF-0077-4EFC-B4C6-C9BCE70B0141}.Release|Any CPU.Build.0 = Release|Any CPU
		{797673F6-9205-413F-9613-0E98F64FB58C}.Debug|Any CPU.ActiveCfg = Debug|Any CPU
		{797673F6-9205-413F-9613-0E98F64FB58C}.Debug|Any CPU.Build.0 = Debug|Any CPU
		{797673F6-9205-413F-9613-0E98F64FB58C}.Release|Any CPU.ActiveCfg = Release|Any CPU
		{797673F6-9205-413F-9613-0E98F64FB58C}.Release|Any CPU.Build.0 = Release|Any CPU
		{5C0A0A02-97A6-4599-A6F3-2709B672849C}.Debug|Any CPU.ActiveCfg = Debug|Any CPU
		{5C0A0A02-97A6-4599-A6F3-2709B672849C}.Debug|Any CPU.Build.0 = Debug|Any CPU
		{5C0A0A02-97A6-4599-A6F3-2709B672849C}.Release|Any CPU.ActiveCfg = Release|Any CPU
		{5C0A0A02-97A6-4599-A6F3-2709B672849C}.Release|Any CPU.Build.0 = Release|Any CPU
		{69559E5D-4C43-453C-92BC-CEE127F74133}.Debug|Any CPU.ActiveCfg = Debug|Any CPU
		{69559E5D-4C43-453C-92BC-CEE127F74133}.Debug|Any CPU.Build.0 = Debug|Any CPU
		{69559E5D-4C43-453C-92BC-CEE127F74133}.Release|Any CPU.ActiveCfg = Release|Any CPU
		{69559E5D-4C43-453C-92BC-CEE127F74133}.Release|Any CPU.Build.0 = Release|Any CPU
		{0AEB3A28-5B40-41EE-862F-744F28A95932}.Debug|Any CPU.ActiveCfg = Debug|Any CPU
		{0AEB3A28-5B40-41EE-862F-744F28A95932}.Debug|Any CPU.Build.0 = Debug|Any CPU
		{0AEB3A28-5B40-41EE-862F-744F28A95932}.Release|Any CPU.ActiveCfg = Release|Any CPU
		{0AEB3A28-5B40-41EE-862F-744F28A95932}.Release|Any CPU.Build.0 = Release|Any CPU
		{ABA448FF-8F06-42AB-A43D-FB50AEEFA9E2}.Debug|Any CPU.ActiveCfg = Debug|Any CPU
		{ABA448FF-8F06-42AB-A43D-FB50AEEFA9E2}.Debug|Any CPU.Build.0 = Debug|Any CPU
		{ABA448FF-8F06-42AB-A43D-FB50AEEFA9E2}.Release|Any CPU.ActiveCfg = Release|Any CPU
		{ABA448FF-8F06-42AB-A43D-FB50AEEFA9E2}.Release|Any CPU.Build.0 = Release|Any CPU
		{4C8E6750-97D4-4604-AA90-C263C5557B8E}.Debug|Any CPU.ActiveCfg = Debug|Any CPU
		{4C8E6750-97D4-4604-AA90-C263C5557B8E}.Debug|Any CPU.Build.0 = Debug|Any CPU
		{4C8E6750-97D4-4604-AA90-C263C5557B8E}.Release|Any CPU.ActiveCfg = Release|Any CPU
		{4C8E6750-97D4-4604-AA90-C263C5557B8E}.Release|Any CPU.Build.0 = Release|Any CPU
		{F8341092-6C4A-400E-B20E-14E3A81BFBF5}.Debug|Any CPU.ActiveCfg = Debug|Any CPU
		{F8341092-6C4A-400E-B20E-14E3A81BFBF5}.Debug|Any CPU.Build.0 = Debug|Any CPU
		{F8341092-6C4A-400E-B20E-14E3A81BFBF5}.Release|Any CPU.ActiveCfg = Release|Any CPU
		{F8341092-6C4A-400E-B20E-14E3A81BFBF5}.Release|Any CPU.Build.0 = Release|Any CPU
		{1B3C702E-671F-4B21-AA99-D199BB5F1E5A}.Debug|Any CPU.ActiveCfg = Debug|Any CPU
		{1B3C702E-671F-4B21-AA99-D199BB5F1E5A}.Debug|Any CPU.Build.0 = Debug|Any CPU
		{1B3C702E-671F-4B21-AA99-D199BB5F1E5A}.Release|Any CPU.ActiveCfg = Release|Any CPU
		{1B3C702E-671F-4B21-AA99-D199BB5F1E5A}.Release|Any CPU.Build.0 = Release|Any CPU
		{A5CA203B-B0DF-4F87-851F-DD44F91C9F4D}.Debug|Any CPU.ActiveCfg = Debug|Any CPU
		{A5CA203B-B0DF-4F87-851F-DD44F91C9F4D}.Debug|Any CPU.Build.0 = Debug|Any CPU
		{A5CA203B-B0DF-4F87-851F-DD44F91C9F4D}.Release|Any CPU.ActiveCfg = Release|Any CPU
		{A5CA203B-B0DF-4F87-851F-DD44F91C9F4D}.Release|Any CPU.Build.0 = Release|Any CPU
		{A05E8D01-2988-4427-BAE9-6EEDBCC17144}.Debug|Any CPU.ActiveCfg = Debug|Any CPU
		{A05E8D01-2988-4427-BAE9-6EEDBCC17144}.Debug|Any CPU.Build.0 = Debug|Any CPU
		{A05E8D01-2988-4427-BAE9-6EEDBCC17144}.Release|Any CPU.ActiveCfg = Release|Any CPU
		{A05E8D01-2988-4427-BAE9-6EEDBCC17144}.Release|Any CPU.Build.0 = Release|Any CPU
		{B8ED6D41-0957-4EEA-B098-ACB64D4A2556}.Debug|Any CPU.ActiveCfg = Debug|Any CPU
		{B8ED6D41-0957-4EEA-B098-ACB64D4A2556}.Debug|Any CPU.Build.0 = Debug|Any CPU
		{B8ED6D41-0957-4EEA-B098-ACB64D4A2556}.Release|Any CPU.ActiveCfg = Release|Any CPU
		{B8ED6D41-0957-4EEA-B098-ACB64D4A2556}.Release|Any CPU.Build.0 = Release|Any CPU
		{D1B181EA-76DC-4A2B-85E4-B7464F984E27}.Debug|Any CPU.ActiveCfg = Debug|Any CPU
		{D1B181EA-76DC-4A2B-85E4-B7464F984E27}.Debug|Any CPU.Build.0 = Debug|Any CPU
		{D1B181EA-76DC-4A2B-85E4-B7464F984E27}.Release|Any CPU.ActiveCfg = Release|Any CPU
		{D1B181EA-76DC-4A2B-85E4-B7464F984E27}.Release|Any CPU.Build.0 = Release|Any CPU
		{51C0F85C-BD3F-4551-B031-B9C4D074233D}.Debug|Any CPU.ActiveCfg = Debug|Any CPU
		{51C0F85C-BD3F-4551-B031-B9C4D074233D}.Debug|Any CPU.Build.0 = Debug|Any CPU
		{51C0F85C-BD3F-4551-B031-B9C4D074233D}.Release|Any CPU.ActiveCfg = Release|Any CPU
		{51C0F85C-BD3F-4551-B031-B9C4D074233D}.Release|Any CPU.Build.0 = Release|Any CPU
	EndGlobalSection
	GlobalSection(SolutionProperties) = preSolution
		HideSolutionNode = FALSE
	EndGlobalSection
	GlobalSection(NestedProjects) = preSolution
		{D4FC47BC-1170-4761-8308-B53C9B0B5140} = {4F7D5EBC-C747-4C9C-800C-B39CB22A7B33}
		{F4C8104F-944D-4006-9A43-39B3BEDCEAA8} = {99FAAD0B-4254-42A9-B8E3-D65A48522A4F}
		{D1BF151C-BE5B-430B-A28F-8CFEE72E9A6E} = {4F7D5EBC-C747-4C9C-800C-B39CB22A7B33}
		{0CDE336C-118A-4966-B749-E103B3823B8C} = {99FAAD0B-4254-42A9-B8E3-D65A48522A4F}
		{09BB3FBD-780A-4C4E-A016-6A46D14B6960} = {99FAAD0B-4254-42A9-B8E3-D65A48522A4F}
		{733C5DB5-4234-45C1-AB24-3A72C5CAD810} = {4F7D5EBC-C747-4C9C-800C-B39CB22A7B33}
		{B7EB2615-D8AB-446A-A2CD-4D5A2751B761} = {C06B46E2-FE3C-412E-87F0-F2BDEF068123}
		{CBF1CB9B-A782-4E77-B640-ED916A9C2FD0} = {C06B46E2-FE3C-412E-87F0-F2BDEF068123}
		{AA0CC26D-4C34-447B-8B3C-3F7B253AFC50} = {BD200150-4B6A-4E1C-A1BB-F4AB56A6CE58}
		{AAC66717-C9A9-4E5B-9243-E8A31CAFC18A} = {2C7885E8-6DCE-4826-8438-EAB51B22DCC5}
		{8722498F-0350-4099-8197-9EFBF9DB6D63} = {BD200150-4B6A-4E1C-A1BB-F4AB56A6CE58}
		{581AD06F-154E-49A1-BA4C-63D2FB33F336} = {2C7885E8-6DCE-4826-8438-EAB51B22DCC5}
		{C47E8DA4-6AE2-4802-A70D-763A41EF5425} = {BD200150-4B6A-4E1C-A1BB-F4AB56A6CE58}
		{7D681D1A-B35E-4E81-A731-3FB7FE57649E} = {2C7885E8-6DCE-4826-8438-EAB51B22DCC5}
		{921227EA-2EEB-40C8-881B-89E33DC68E9B} = {BD200150-4B6A-4E1C-A1BB-F4AB56A6CE58}
		{68B2FD7E-BE5C-4B57-A6FA-BDC77362B4CC} = {3DA7069C-3B35-44A6-97E5-31C50B0F666D}
		{2C7885E8-6DCE-4826-8438-EAB51B22DCC5} = {68B2FD7E-BE5C-4B57-A6FA-BDC77362B4CC}
		{99FAAD0B-4254-42A9-B8E3-D65A48522A4F} = {68B2FD7E-BE5C-4B57-A6FA-BDC77362B4CC}
		{C06B46E2-FE3C-412E-87F0-F2BDEF068123} = {3DA7069C-3B35-44A6-97E5-31C50B0F666D}
		{4F7D5EBC-C747-4C9C-800C-B39CB22A7B33} = {99FAAD0B-4254-42A9-B8E3-D65A48522A4F}
		{BD200150-4B6A-4E1C-A1BB-F4AB56A6CE58} = {2C7885E8-6DCE-4826-8438-EAB51B22DCC5}
		{E7B9C3E2-6F28-4E5D-A1A7-9B2F313B5DB0} = {4352D366-EC5C-43F3-AD54-7A36A4BE0BA4}
		{3DA7069C-3B35-44A6-97E5-31C50B0F666D} = {6447FD98-2D85-48B0-9AC3-6D1D91B5399B}
		{47A56782-2C0F-48ED-BB23-8BB727BE0BE7} = {6447FD98-2D85-48B0-9AC3-6D1D91B5399B}
		{5D173104-581B-47FD-AAD7-C7F165438084} = {47A56782-2C0F-48ED-BB23-8BB727BE0BE7}
		{BDF498E9-8739-48DF-B72C-9456B4507A16} = {6447FD98-2D85-48B0-9AC3-6D1D91B5399B}
		{C35AFD08-EE68-4C7D-90E9-1C0ADDEFF14F} = {BDF498E9-8739-48DF-B72C-9456B4507A16}
		{D52DA70C-FD89-4B82-A42D-20454C0B1764} = {4352D366-EC5C-43F3-AD54-7A36A4BE0BA4}
		{8E6E80AA-29D0-4C86-B5A3-65B49FB4BAFB} = {3DA7069C-3B35-44A6-97E5-31C50B0F666D}
		{DCFE29DE-01FF-4CF5-A693-ECCA4A1ABE1A} = {4352D366-EC5C-43F3-AD54-7A36A4BE0BA4}
		{CA94880F-D6D3-4A93-B27B-AB7BDAB1AED8} = {BDF498E9-8739-48DF-B72C-9456B4507A16}
		{F534E01B-84FD-49BC-B6E5-93FCCDC94027} = {3DA7069C-3B35-44A6-97E5-31C50B0F666D}
		{FFB6DE1F-1E29-4B88-9DF6-77032060D0F6} = {F534E01B-84FD-49BC-B6E5-93FCCDC94027}
		{76D67869-C7FA-4FB4-8528-909E0D64FAF3} = {AB74F255-0C8E-40D8-8F26-6B5FEA417481}
		{AB74F255-0C8E-40D8-8F26-6B5FEA417481} = {6447FD98-2D85-48B0-9AC3-6D1D91B5399B}
		{BFBF9147-4384-4372-8A83-445BA628E8D6} = {3DA7069C-3B35-44A6-97E5-31C50B0F666D}
		{7C107FA6-E189-43ED-A7F7-1F3A5A9E8AED} = {4352D366-EC5C-43F3-AD54-7A36A4BE0BA4}
		{3FEB12BD-D245-4C57-83F5-7E0FC6313096} = {4352D366-EC5C-43F3-AD54-7A36A4BE0BA4}
		{724D8FC9-9A7A-4A47-B866-8AFB57B05E6D} = {4352D366-EC5C-43F3-AD54-7A36A4BE0BA4}
		{725AEBCC-52A8-450C-A8F8-29B7CA1B6463} = {3DA7069C-3B35-44A6-97E5-31C50B0F666D}
		{436702EF-0077-4EFC-B4C6-C9BCE70B0141} = {4352D366-EC5C-43F3-AD54-7A36A4BE0BA4}
		{797673F6-9205-413F-9613-0E98F64FB58C} = {4352D366-EC5C-43F3-AD54-7A36A4BE0BA4}
		{5C0A0A02-97A6-4599-A6F3-2709B672849C} = {3DA7069C-3B35-44A6-97E5-31C50B0F666D}
		{69559E5D-4C43-453C-92BC-CEE127F74133} = {4352D366-EC5C-43F3-AD54-7A36A4BE0BA4}
		{0AEB3A28-5B40-41EE-862F-744F28A95932} = {4352D366-EC5C-43F3-AD54-7A36A4BE0BA4}
		{98F41D58-E06A-4AB5-AC80-13E8D13B1D3D} = {4352D366-EC5C-43F3-AD54-7A36A4BE0BA4}
		{ABA448FF-8F06-42AB-A43D-FB50AEEFA9E2} = {98F41D58-E06A-4AB5-AC80-13E8D13B1D3D}
		{4C8E6750-97D4-4604-AA90-C263C5557B8E} = {68B2FD7E-BE5C-4B57-A6FA-BDC77362B4CC}
		{F8341092-6C4A-400E-B20E-14E3A81BFBF5} = {68B2FD7E-BE5C-4B57-A6FA-BDC77362B4CC}
		{5FBB51F6-F5E8-436D-A0D9-3A4AFAFE59F6} = {68B2FD7E-BE5C-4B57-A6FA-BDC77362B4CC}
		{1B3C702E-671F-4B21-AA99-D199BB5F1E5A} = {5FBB51F6-F5E8-436D-A0D9-3A4AFAFE59F6}
		{A5CA203B-B0DF-4F87-851F-DD44F91C9F4D} = {5FBB51F6-F5E8-436D-A0D9-3A4AFAFE59F6}
		{A05E8D01-2988-4427-BAE9-6EEDBCC17144} = {5FBB51F6-F5E8-436D-A0D9-3A4AFAFE59F6}
		{B8ED6D41-0957-4EEA-B098-ACB64D4A2556} = {5FBB51F6-F5E8-436D-A0D9-3A4AFAFE59F6}
		{D1B181EA-76DC-4A2B-85E4-B7464F984E27} = {3DA7069C-3B35-44A6-97E5-31C50B0F666D}
		{51C0F85C-BD3F-4551-B031-B9C4D074233D} = {3DA7069C-3B35-44A6-97E5-31C50B0F666D}
	EndGlobalSection
	GlobalSection(ExtensibilityGlobals) = postSolution
		SolutionGuid = {598A3A02-79C7-4D50-889E-D65594383E6D}
	EndGlobalSection
EndGlobal
