
Microsoft Visual Studio Solution File, Format Version 12.00
# Visual Studio Version 16
VisualStudioVersion = 16.0.29519.181
MinimumVisualStudioVersion = 10.0.40219.1
Project("{2150E333-8FDC-42A3-9474-1A3956D46DE8}") = "Example", "Example", "{6447FD98-2D85-48B0-9AC3-6D1D91B5399B}"
EndProject
Project("{2150E333-8FDC-42A3-9474-1A3956D46DE8}") = "Source", "Source", "{4352D366-EC5C-43F3-AD54-7A36A4BE0BA4}"
EndProject
Project("{9A19103F-16F7-4668-BE54-9A1E7A4F7556}") = "ModularMonolith.Persistence", "Example\ModularMonolith.Persistence\ModularMonolith.Persistence.csproj", "{B7EB2615-D8AB-446A-A2CD-4D5A2751B761}"
EndProject
Project("{9A19103F-16F7-4668-BE54-9A1E7A4F7556}") = "ModularMonolith.Registrations.EventHandlers", "Example\ModularMonolith.Registrations.EventHandlers\ModularMonolith.Registrations.EventHandlers.csproj", "{C47E8DA4-6AE2-4802-A70D-763A41EF5425}"
EndProject
Project("{9A19103F-16F7-4668-BE54-9A1E7A4F7556}") = "ModularMonolith.Registrations.Language", "Example\ModularMonolith.Registrations.Language\ModularMonolith.Registrations.Language.csproj", "{7D681D1A-B35E-4E81-A731-3FB7FE57649E}"
EndProject
Project("{2150E333-8FDC-42A3-9474-1A3956D46DE8}") = "Domain", "Domain", "{68B2FD7E-BE5C-4B57-A6FA-BDC77362B4CC}"
EndProject
Project("{2150E333-8FDC-42A3-9474-1A3956D46DE8}") = "Registrations", "Registrations", "{2C7885E8-6DCE-4826-8438-EAB51B22DCC5}"
EndProject
Project("{2150E333-8FDC-42A3-9474-1A3956D46DE8}") = "Persistence", "Persistence", "{C06B46E2-FE3C-412E-87F0-F2BDEF068123}"
EndProject
Project("{9A19103F-16F7-4668-BE54-9A1E7A4F7556}") = "Hexure", "Source\Hexure\Hexure.csproj", "{E7B9C3E2-6F28-4E5D-A1A7-9B2F313B5DB0}"
EndProject
Project("{2150E333-8FDC-42A3-9474-1A3956D46DE8}") = "API", "API", "{3DA7069C-3B35-44A6-97E5-31C50B0F666D}"
EndProject
Project("{2150E333-8FDC-42A3-9474-1A3956D46DE8}") = "Identity", "Identity", "{47A56782-2C0F-48ED-BB23-8BB727BE0BE7}"
EndProject
Project("{9A19103F-16F7-4668-BE54-9A1E7A4F7556}") = "IdentityServer", "Example\IdentityServer\IdentityServer.csproj", "{5D173104-581B-47FD-AAD7-C7F165438084}"
EndProject
Project("{2150E333-8FDC-42A3-9474-1A3956D46DE8}") = "Tests", "Tests", "{BDF498E9-8739-48DF-B72C-9456B4507A16}"
EndProject
Project("{9A19103F-16F7-4668-BE54-9A1E7A4F7556}") = "ModularMonolith.Tests", "Example\ModularMonolith.Tests\ModularMonolith.Tests.csproj", "{C35AFD08-EE68-4C7D-90E9-1C0ADDEFF14F}"
EndProject
Project("{9A19103F-16F7-4668-BE54-9A1E7A4F7556}") = "Hexure.Testing", "Source\Hexure.Testing\Hexure.Testing.csproj", "{D52DA70C-FD89-4B82-A42D-20454C0B1764}"
EndProject
Project("{9A19103F-16F7-4668-BE54-9A1E7A4F7556}") = "ModularMonolith.API", "Example\ModularMonolith.API\ModularMonolith.API.csproj", "{8E6E80AA-29D0-4C86-B5A3-65B49FB4BAFB}"
EndProject
Project("{9A19103F-16F7-4668-BE54-9A1E7A4F7556}") = "Hexure.Results", "Source\Hexure.Results\Hexure.Results.csproj", "{DCFE29DE-01FF-4CF5-A693-ECCA4A1ABE1A}"
EndProject
Project("{9A19103F-16F7-4668-BE54-9A1E7A4F7556}") = "ModularMonolith.Tests.Unit", "Example\ModularMonolith.Tests.Unit\ModularMonolith.Tests.Unit.csproj", "{CA94880F-D6D3-4A93-B27B-AB7BDAB1AED8}"
EndProject
Project("{2150E333-8FDC-42A3-9474-1A3956D46DE8}") = "Database", "Database", "{F534E01B-84FD-49BC-B6E5-93FCCDC94027}"
EndProject
Project("{9A19103F-16F7-4668-BE54-9A1E7A4F7556}") = "ModularMonolith.Database", "Example\ModularMonolith.Database\ModularMonolith.Database.csproj", "{FFB6DE1F-1E29-4B88-9DF6-77032060D0F6}"
EndProject
Project("{9A19103F-16F7-4668-BE54-9A1E7A4F7556}") = "ModularMonolith.Configuration", "Example\ModularMonolith.Configuration\ModularMonolith.Configuration.csproj", "{76D67869-C7FA-4FB4-8528-909E0D64FAF3}"
EndProject
Project("{2150E333-8FDC-42A3-9474-1A3956D46DE8}") = "Common", "Common", "{AB74F255-0C8E-40D8-8F26-6B5FEA417481}"
EndProject
Project("{9A19103F-16F7-4668-BE54-9A1E7A4F7556}") = "ModularMonolith.Dependencies", "Example\ModularMonolith.Dependencies\ModularMonolith.Dependencies.csproj", "{BFBF9147-4384-4372-8A83-445BA628E8D6}"
EndProject
Project("{9A19103F-16F7-4668-BE54-9A1E7A4F7556}") = "Hexure.EntityFrameworkCore", "Source\Hexure.EntityFrameworkCore\Hexure.EntityFrameworkCore.csproj", "{7C107FA6-E189-43ED-A7F7-1F3A5A9E8AED}"
EndProject
Project("{9A19103F-16F7-4668-BE54-9A1E7A4F7556}") = "Hexure.API", "Source\Hexure.API\Hexure.API.csproj", "{3FEB12BD-D245-4C57-83F5-7E0FC6313096}"
EndProject
Project("{9A19103F-16F7-4668-BE54-9A1E7A4F7556}") = "Hexure.EntityFrameworkCore.SqlServer", "Source\Hexure.EntityFrameworkCore.SqlServer\Hexure.EntityFrameworkCore.SqlServer.csproj", "{724D8FC9-9A7A-4A47-B866-8AFB57B05E6D}"
EndProject
Project("{9A19103F-16F7-4668-BE54-9A1E7A4F7556}") = "ModularMonolith.EventsPublisher", "Example\ModularMonolith.EventsPublisher\ModularMonolith.EventsPublisher.csproj", "{725AEBCC-52A8-450C-A8F8-29B7CA1B6463}"
EndProject
Project("{9A19103F-16F7-4668-BE54-9A1E7A4F7556}") = "Hexure.EventsPublisher", "Source\Hexure.EventsPublisher\Hexure.EventsPublisher.csproj", "{436702EF-0077-4EFC-B4C6-C9BCE70B0141}"
EndProject
Project("{9A19103F-16F7-4668-BE54-9A1E7A4F7556}") = "Hexure.EventsConsumer", "Source\Hexure.EventsConsumer\Hexure.EventsConsumer.csproj", "{797673F6-9205-413F-9613-0E98F64FB58C}"
EndProject
Project("{9A19103F-16F7-4668-BE54-9A1E7A4F7556}") = "ModularMonolith.EventsConsumer", "Example\ModularMonolith.EventsConsumer\ModularMonolith.EventsConsumer.csproj", "{5C0A0A02-97A6-4599-A6F3-2709B672849C}"
EndProject
Project("{9A19103F-16F7-4668-BE54-9A1E7A4F7556}") = "Hexure.MassTransit", "Source\Hexure.MassTransit\Hexure.MassTransit.csproj", "{69559E5D-4C43-453C-92BC-CEE127F74133}"
EndProject
Project("{9A19103F-16F7-4668-BE54-9A1E7A4F7556}") = "Hexure.MediatR", "Source\Hexure.MediatR\Hexure.MediatR.csproj", "{0AEB3A28-5B40-41EE-862F-744F28A95932}"
EndProject
Project("{2150E333-8FDC-42A3-9474-1A3956D46DE8}") = "Tests", "Tests", "{98F41D58-E06A-4AB5-AC80-13E8D13B1D3D}"
EndProject
Project("{9A19103F-16F7-4668-BE54-9A1E7A4F7556}") = "Hexure.Tests.Unit", "Source\Hexure.Tests.Unit\Hexure.Tests.Unit.csproj", "{ABA448FF-8F06-42AB-A43D-FB50AEEFA9E2}"
EndProject
Project("{9A19103F-16F7-4668-BE54-9A1E7A4F7556}") = "ModularMonolith.CommandServices", "Example\ModularMonolith.CommandServices\ModularMonolith.CommandServices.csproj", "{4C8E6750-97D4-4604-AA90-C263C5557B8E}"
EndProject
Project("{9A19103F-16F7-4668-BE54-9A1E7A4F7556}") = "ModularMonolith.QueryServices", "Example\ModularMonolith.QueryServices\ModularMonolith.QueryServices.csproj", "{F8341092-6C4A-400E-B20E-14E3A81BFBF5}"
EndProject
Project("{2150E333-8FDC-42A3-9474-1A3956D46DE8}") = "Exams", "Exams", "{5FBB51F6-F5E8-436D-A0D9-3A4AFAFE59F6}"
EndProject
Project("{9A19103F-16F7-4668-BE54-9A1E7A4F7556}") = "ModularMonolith.Exams.Language", "Example\ModularMonolith.Exams.Language\ModularMonolith.Exams.Language.csproj", "{1B3C702E-671F-4B21-AA99-D199BB5F1E5A}"
EndProject
Project("{9A19103F-16F7-4668-BE54-9A1E7A4F7556}") = "ModularMonolith.Exams.Events", "Example\ModularMonolith.Exams.Events\ModularMonolith.Exams.Events.csproj", "{A5CA203B-B0DF-4F87-851F-DD44F91C9F4D}"
EndProject
Project("{9A19103F-16F7-4668-BE54-9A1E7A4F7556}") = "ModularMonolith.Exams.Persistence", "Example\ModularMonolith.Exams.Persistence\ModularMonolith.Exams.Persistence.csproj", "{A05E8D01-2988-4427-BAE9-6EEDBCC17144}"
EndProject
Project("{9A19103F-16F7-4668-BE54-9A1E7A4F7556}") = "ModularMonolith.Exams.Domain", "Example\ModularMonolith.Exams.Domain\ModularMonolith.Exams.Domain.csproj", "{B8ED6D41-0957-4EEA-B098-ACB64D4A2556}"
EndProject
Project("{9A19103F-16F7-4668-BE54-9A1E7A4F7556}") = "ModularMonolith.ReadModels", "Example\ModularMonolith.ReadModels\ModularMonolith.ReadModels.csproj", "{D1B181EA-76DC-4A2B-85E4-B7464F984E27}"
EndProject
Project("{9A19103F-16F7-4668-BE54-9A1E7A4F7556}") = "ModularMonolith.Language", "Example\ModularMonolith.Language\ModularMonolith.Language.csproj", "{51C0F85C-BD3F-4551-B031-B9C4D074233D}"
EndProject
Project("{9A19103F-16F7-4668-BE54-9A1E7A4F7556}") = "ExternalSystem.Events", "Example\ExternalSystem.Events\ExternalSystem.Events.csproj", "{8652EDB9-B20C-4EF1-AB05-1613431176E8}"
EndProject
Project("{2150E333-8FDC-42A3-9474-1A3956D46DE8}") = "ReadModels", "ReadModels", "{015B5211-29BA-46FD-9624-288E79BB6CCA}"
EndProject
Project("{9A19103F-16F7-4668-BE54-9A1E7A4F7556}") = "ModularMonolith.ReadModels.EventHandlers", "Example\ModularMonolith.ReadModels.EventHandlers\ModularMonolith.ReadModels.EventHandlers.csproj", "{9C8AC6A0-143F-4287-963B-5A860ADCD031}"
EndProject
Project("{9A19103F-16F7-4668-BE54-9A1E7A4F7556}") = "ModularMonolith.Contracts", "Example\ModularMonolith.Contracts\ModularMonolith.Contracts.csproj", "{B43BA073-018E-446C-8DC6-A04CA99712AC}"
EndProject
Project("{2150E333-8FDC-42A3-9474-1A3956D46DE8}") = "Client", "Client", "{AAB009C7-9166-441B-926A-8234D32900FF}"
EndProject
Project("{9A19103F-16F7-4668-BE54-9A1E7A4F7556}") = "ModularMonolith.Errors", "Example\ModularMonolith.Errors\ModularMonolith.Errors.csproj", "{E52F57F1-F2E7-4F72-8972-967A1A75CE97}"
EndProject
Project("{9A19103F-16F7-4668-BE54-9A1E7A4F7556}") = "ModularMonolith.ReadModels.Persistence", "Example\ModularMonolith.ReadModels.Persistence\ModularMonolith.ReadModels.Persistence.csproj", "{1A84EE46-FB83-451B-B8A3-7E5E40AD584B}"
EndProject
Project("{9A19103F-16F7-4668-BE54-9A1E7A4F7556}") = "Hexure.Workers", "Source\Hexure.Workers\Hexure.Workers.csproj", "{7CB5C777-A8DC-485C-8E86-80E4043680E2}"
EndProject
Project("{FAE04EC0-301F-11D3-BF4B-00C04F79EFBC}") = "Hexure.Dapper", "Source\Hexure.Dapper\Hexure.Dapper.csproj", "{4E53EAD3-E78A-466D-A238-7FFF6C2C738E}"
EndProject
Project("{FAE04EC0-301F-11D3-BF4B-00C04F79EFBC}") = "ModularMonolith.Tests.Performance", "Example\ModularMonolith.Tests.Performance\ModularMonolith.Tests.Performance.csproj", "{D2C77E21-E7C0-4297-8EC8-FE45165BD0DB}"
EndProject
Project("{FAE04EC0-301F-11D3-BF4B-00C04F79EFBC}") = "ModularMonolith.Registrations.Events", "Example\ModularMonolith.Registrations.Events\ModularMonolith.Registrations.Events.csproj", "{C7F3D5FA-B414-44B6-8135-F0995D021631}"
EndProject
Project("{FAE04EC0-301F-11D3-BF4B-00C04F79EFBC}") = "ModularMonolith.Registrations.Domain", "Example\ModularMonolith.Registrations.Domain\ModularMonolith.Registrations.Domain.csproj", "{E1B9B118-67B7-4EC7-889A-371BDC25D355}"
EndProject
Project("{FAE04EC0-301F-11D3-BF4B-00C04F79EFBC}") = "ModularMonolith.Registrations.Persistence", "Example\ModularMonolith.Registrations.Persistence\ModularMonolith.Registrations.Persistence.csproj", "{EAC9743C-8B2C-47EF-8D9B-8C55721EA4DE}"
EndProject
Project("{2150E333-8FDC-42A3-9474-1A3956D46DE8}") = "Orders", "Orders", "{EC08B013-3FF4-4D00-921F-5AC025C7F32F}"
EndProject
Project("{FAE04EC0-301F-11D3-BF4B-00C04F79EFBC}") = "ModularMonolith.Orders.Domain", "Example\ModularMonolith.Orders.Domain\ModularMonolith.Orders.Domain.csproj", "{9D52E74E-753E-4C37-8065-8947CF38DA7C}"
EndProject
Project("{FAE04EC0-301F-11D3-BF4B-00C04F79EFBC}") = "ModularMonolith.Orders.Events", "Example\ModularMonolith.Orders.Events\ModularMonolith.Orders.Events.csproj", "{A45C5FA9-FBD1-44F8-862D-03CBD5C4774A}"
EndProject
Project("{FAE04EC0-301F-11D3-BF4B-00C04F79EFBC}") = "ModularMonolith.Orders.Language", "Example\ModularMonolith.Orders.Language\ModularMonolith.Orders.Language.csproj", "{983CF266-4B5C-44B2-B4E3-52E1B74F3217}"
EndProject
Project("{FAE04EC0-301F-11D3-BF4B-00C04F79EFBC}") = "ModularMonolith.Orders.Persistence", "Example\ModularMonolith.Orders.Persistence\ModularMonolith.Orders.Persistence.csproj", "{AC622C07-579E-40C0-B0EE-105BE7A27A59}"
EndProject
Project("{FAE04EC0-301F-11D3-BF4B-00C04F79EFBC}") = "ModularMonolith.Orders.Tests.Unit", "Example\ModularMonolith.Orders.Tests.Unit\ModularMonolith.Orders.Tests.Unit.csproj", "{84E40E3C-5FF2-4374-9F3D-2BFBE878732A}"
EndProject
Global
	GlobalSection(SolutionConfigurationPlatforms) = preSolution
		Debug|Any CPU = Debug|Any CPU
		Release|Any CPU = Release|Any CPU
	EndGlobalSection
	GlobalSection(ProjectConfigurationPlatforms) = postSolution
		{B7EB2615-D8AB-446A-A2CD-4D5A2751B761}.Debug|Any CPU.ActiveCfg = Debug|Any CPU
		{B7EB2615-D8AB-446A-A2CD-4D5A2751B761}.Debug|Any CPU.Build.0 = Debug|Any CPU
		{B7EB2615-D8AB-446A-A2CD-4D5A2751B761}.Release|Any CPU.ActiveCfg = Release|Any CPU
		{B7EB2615-D8AB-446A-A2CD-4D5A2751B761}.Release|Any CPU.Build.0 = Release|Any CPU
		{C47E8DA4-6AE2-4802-A70D-763A41EF5425}.Debug|Any CPU.ActiveCfg = Debug|Any CPU
		{C47E8DA4-6AE2-4802-A70D-763A41EF5425}.Debug|Any CPU.Build.0 = Debug|Any CPU
		{C47E8DA4-6AE2-4802-A70D-763A41EF5425}.Release|Any CPU.ActiveCfg = Release|Any CPU
		{C47E8DA4-6AE2-4802-A70D-763A41EF5425}.Release|Any CPU.Build.0 = Release|Any CPU
		{7D681D1A-B35E-4E81-A731-3FB7FE57649E}.Debug|Any CPU.ActiveCfg = Debug|Any CPU
		{7D681D1A-B35E-4E81-A731-3FB7FE57649E}.Debug|Any CPU.Build.0 = Debug|Any CPU
		{7D681D1A-B35E-4E81-A731-3FB7FE57649E}.Release|Any CPU.ActiveCfg = Release|Any CPU
		{7D681D1A-B35E-4E81-A731-3FB7FE57649E}.Release|Any CPU.Build.0 = Release|Any CPU
		{E7B9C3E2-6F28-4E5D-A1A7-9B2F313B5DB0}.Debug|Any CPU.ActiveCfg = Debug|Any CPU
		{E7B9C3E2-6F28-4E5D-A1A7-9B2F313B5DB0}.Debug|Any CPU.Build.0 = Debug|Any CPU
		{E7B9C3E2-6F28-4E5D-A1A7-9B2F313B5DB0}.Release|Any CPU.ActiveCfg = Release|Any CPU
		{E7B9C3E2-6F28-4E5D-A1A7-9B2F313B5DB0}.Release|Any CPU.Build.0 = Release|Any CPU
		{5D173104-581B-47FD-AAD7-C7F165438084}.Debug|Any CPU.ActiveCfg = Debug|Any CPU
		{5D173104-581B-47FD-AAD7-C7F165438084}.Debug|Any CPU.Build.0 = Debug|Any CPU
		{5D173104-581B-47FD-AAD7-C7F165438084}.Release|Any CPU.ActiveCfg = Release|Any CPU
		{5D173104-581B-47FD-AAD7-C7F165438084}.Release|Any CPU.Build.0 = Release|Any CPU
		{C35AFD08-EE68-4C7D-90E9-1C0ADDEFF14F}.Debug|Any CPU.ActiveCfg = Debug|Any CPU
		{C35AFD08-EE68-4C7D-90E9-1C0ADDEFF14F}.Debug|Any CPU.Build.0 = Debug|Any CPU
		{C35AFD08-EE68-4C7D-90E9-1C0ADDEFF14F}.Release|Any CPU.ActiveCfg = Release|Any CPU
		{C35AFD08-EE68-4C7D-90E9-1C0ADDEFF14F}.Release|Any CPU.Build.0 = Release|Any CPU
		{D52DA70C-FD89-4B82-A42D-20454C0B1764}.Debug|Any CPU.ActiveCfg = Debug|Any CPU
		{D52DA70C-FD89-4B82-A42D-20454C0B1764}.Debug|Any CPU.Build.0 = Debug|Any CPU
		{D52DA70C-FD89-4B82-A42D-20454C0B1764}.Release|Any CPU.ActiveCfg = Release|Any CPU
		{D52DA70C-FD89-4B82-A42D-20454C0B1764}.Release|Any CPU.Build.0 = Release|Any CPU
		{8E6E80AA-29D0-4C86-B5A3-65B49FB4BAFB}.Debug|Any CPU.ActiveCfg = Debug|Any CPU
		{8E6E80AA-29D0-4C86-B5A3-65B49FB4BAFB}.Debug|Any CPU.Build.0 = Debug|Any CPU
		{8E6E80AA-29D0-4C86-B5A3-65B49FB4BAFB}.Release|Any CPU.ActiveCfg = Release|Any CPU
		{8E6E80AA-29D0-4C86-B5A3-65B49FB4BAFB}.Release|Any CPU.Build.0 = Release|Any CPU
		{DCFE29DE-01FF-4CF5-A693-ECCA4A1ABE1A}.Debug|Any CPU.ActiveCfg = Debug|Any CPU
		{DCFE29DE-01FF-4CF5-A693-ECCA4A1ABE1A}.Debug|Any CPU.Build.0 = Debug|Any CPU
		{DCFE29DE-01FF-4CF5-A693-ECCA4A1ABE1A}.Release|Any CPU.ActiveCfg = Release|Any CPU
		{DCFE29DE-01FF-4CF5-A693-ECCA4A1ABE1A}.Release|Any CPU.Build.0 = Release|Any CPU
		{CA94880F-D6D3-4A93-B27B-AB7BDAB1AED8}.Debug|Any CPU.ActiveCfg = Debug|Any CPU
		{CA94880F-D6D3-4A93-B27B-AB7BDAB1AED8}.Debug|Any CPU.Build.0 = Debug|Any CPU
		{CA94880F-D6D3-4A93-B27B-AB7BDAB1AED8}.Release|Any CPU.ActiveCfg = Release|Any CPU
		{CA94880F-D6D3-4A93-B27B-AB7BDAB1AED8}.Release|Any CPU.Build.0 = Release|Any CPU
		{FFB6DE1F-1E29-4B88-9DF6-77032060D0F6}.Debug|Any CPU.ActiveCfg = Debug|Any CPU
		{FFB6DE1F-1E29-4B88-9DF6-77032060D0F6}.Debug|Any CPU.Build.0 = Debug|Any CPU
		{FFB6DE1F-1E29-4B88-9DF6-77032060D0F6}.Release|Any CPU.ActiveCfg = Release|Any CPU
		{FFB6DE1F-1E29-4B88-9DF6-77032060D0F6}.Release|Any CPU.Build.0 = Release|Any CPU
		{76D67869-C7FA-4FB4-8528-909E0D64FAF3}.Debug|Any CPU.ActiveCfg = Debug|Any CPU
		{76D67869-C7FA-4FB4-8528-909E0D64FAF3}.Debug|Any CPU.Build.0 = Debug|Any CPU
		{76D67869-C7FA-4FB4-8528-909E0D64FAF3}.Release|Any CPU.ActiveCfg = Release|Any CPU
		{76D67869-C7FA-4FB4-8528-909E0D64FAF3}.Release|Any CPU.Build.0 = Release|Any CPU
		{BFBF9147-4384-4372-8A83-445BA628E8D6}.Debug|Any CPU.ActiveCfg = Debug|Any CPU
		{BFBF9147-4384-4372-8A83-445BA628E8D6}.Debug|Any CPU.Build.0 = Debug|Any CPU
		{BFBF9147-4384-4372-8A83-445BA628E8D6}.Release|Any CPU.ActiveCfg = Release|Any CPU
		{BFBF9147-4384-4372-8A83-445BA628E8D6}.Release|Any CPU.Build.0 = Release|Any CPU
		{7C107FA6-E189-43ED-A7F7-1F3A5A9E8AED}.Debug|Any CPU.ActiveCfg = Debug|Any CPU
		{7C107FA6-E189-43ED-A7F7-1F3A5A9E8AED}.Debug|Any CPU.Build.0 = Debug|Any CPU
		{7C107FA6-E189-43ED-A7F7-1F3A5A9E8AED}.Release|Any CPU.ActiveCfg = Release|Any CPU
		{7C107FA6-E189-43ED-A7F7-1F3A5A9E8AED}.Release|Any CPU.Build.0 = Release|Any CPU
		{3FEB12BD-D245-4C57-83F5-7E0FC6313096}.Debug|Any CPU.ActiveCfg = Debug|Any CPU
		{3FEB12BD-D245-4C57-83F5-7E0FC6313096}.Debug|Any CPU.Build.0 = Debug|Any CPU
		{3FEB12BD-D245-4C57-83F5-7E0FC6313096}.Release|Any CPU.ActiveCfg = Release|Any CPU
		{3FEB12BD-D245-4C57-83F5-7E0FC6313096}.Release|Any CPU.Build.0 = Release|Any CPU
		{724D8FC9-9A7A-4A47-B866-8AFB57B05E6D}.Debug|Any CPU.ActiveCfg = Debug|Any CPU
		{724D8FC9-9A7A-4A47-B866-8AFB57B05E6D}.Debug|Any CPU.Build.0 = Debug|Any CPU
		{724D8FC9-9A7A-4A47-B866-8AFB57B05E6D}.Release|Any CPU.ActiveCfg = Release|Any CPU
		{724D8FC9-9A7A-4A47-B866-8AFB57B05E6D}.Release|Any CPU.Build.0 = Release|Any CPU
		{725AEBCC-52A8-450C-A8F8-29B7CA1B6463}.Debug|Any CPU.ActiveCfg = Debug|Any CPU
		{725AEBCC-52A8-450C-A8F8-29B7CA1B6463}.Debug|Any CPU.Build.0 = Debug|Any CPU
		{725AEBCC-52A8-450C-A8F8-29B7CA1B6463}.Release|Any CPU.ActiveCfg = Release|Any CPU
		{725AEBCC-52A8-450C-A8F8-29B7CA1B6463}.Release|Any CPU.Build.0 = Release|Any CPU
		{436702EF-0077-4EFC-B4C6-C9BCE70B0141}.Debug|Any CPU.ActiveCfg = Debug|Any CPU
		{436702EF-0077-4EFC-B4C6-C9BCE70B0141}.Debug|Any CPU.Build.0 = Debug|Any CPU
		{436702EF-0077-4EFC-B4C6-C9BCE70B0141}.Release|Any CPU.ActiveCfg = Release|Any CPU
		{436702EF-0077-4EFC-B4C6-C9BCE70B0141}.Release|Any CPU.Build.0 = Release|Any CPU
		{797673F6-9205-413F-9613-0E98F64FB58C}.Debug|Any CPU.ActiveCfg = Debug|Any CPU
		{797673F6-9205-413F-9613-0E98F64FB58C}.Debug|Any CPU.Build.0 = Debug|Any CPU
		{797673F6-9205-413F-9613-0E98F64FB58C}.Release|Any CPU.ActiveCfg = Release|Any CPU
		{797673F6-9205-413F-9613-0E98F64FB58C}.Release|Any CPU.Build.0 = Release|Any CPU
		{5C0A0A02-97A6-4599-A6F3-2709B672849C}.Debug|Any CPU.ActiveCfg = Debug|Any CPU
		{5C0A0A02-97A6-4599-A6F3-2709B672849C}.Debug|Any CPU.Build.0 = Debug|Any CPU
		{5C0A0A02-97A6-4599-A6F3-2709B672849C}.Release|Any CPU.ActiveCfg = Release|Any CPU
		{5C0A0A02-97A6-4599-A6F3-2709B672849C}.Release|Any CPU.Build.0 = Release|Any CPU
		{69559E5D-4C43-453C-92BC-CEE127F74133}.Debug|Any CPU.ActiveCfg = Debug|Any CPU
		{69559E5D-4C43-453C-92BC-CEE127F74133}.Debug|Any CPU.Build.0 = Debug|Any CPU
		{69559E5D-4C43-453C-92BC-CEE127F74133}.Release|Any CPU.ActiveCfg = Release|Any CPU
		{69559E5D-4C43-453C-92BC-CEE127F74133}.Release|Any CPU.Build.0 = Release|Any CPU
		{0AEB3A28-5B40-41EE-862F-744F28A95932}.Debug|Any CPU.ActiveCfg = Debug|Any CPU
		{0AEB3A28-5B40-41EE-862F-744F28A95932}.Debug|Any CPU.Build.0 = Debug|Any CPU
		{0AEB3A28-5B40-41EE-862F-744F28A95932}.Release|Any CPU.ActiveCfg = Release|Any CPU
		{0AEB3A28-5B40-41EE-862F-744F28A95932}.Release|Any CPU.Build.0 = Release|Any CPU
		{ABA448FF-8F06-42AB-A43D-FB50AEEFA9E2}.Debug|Any CPU.ActiveCfg = Debug|Any CPU
		{ABA448FF-8F06-42AB-A43D-FB50AEEFA9E2}.Debug|Any CPU.Build.0 = Debug|Any CPU
		{ABA448FF-8F06-42AB-A43D-FB50AEEFA9E2}.Release|Any CPU.ActiveCfg = Release|Any CPU
		{ABA448FF-8F06-42AB-A43D-FB50AEEFA9E2}.Release|Any CPU.Build.0 = Release|Any CPU
		{4C8E6750-97D4-4604-AA90-C263C5557B8E}.Debug|Any CPU.ActiveCfg = Debug|Any CPU
		{4C8E6750-97D4-4604-AA90-C263C5557B8E}.Debug|Any CPU.Build.0 = Debug|Any CPU
		{4C8E6750-97D4-4604-AA90-C263C5557B8E}.Release|Any CPU.ActiveCfg = Release|Any CPU
		{4C8E6750-97D4-4604-AA90-C263C5557B8E}.Release|Any CPU.Build.0 = Release|Any CPU
		{F8341092-6C4A-400E-B20E-14E3A81BFBF5}.Debug|Any CPU.ActiveCfg = Debug|Any CPU
		{F8341092-6C4A-400E-B20E-14E3A81BFBF5}.Debug|Any CPU.Build.0 = Debug|Any CPU
		{F8341092-6C4A-400E-B20E-14E3A81BFBF5}.Release|Any CPU.ActiveCfg = Release|Any CPU
		{F8341092-6C4A-400E-B20E-14E3A81BFBF5}.Release|Any CPU.Build.0 = Release|Any CPU
		{1B3C702E-671F-4B21-AA99-D199BB5F1E5A}.Debug|Any CPU.ActiveCfg = Debug|Any CPU
		{1B3C702E-671F-4B21-AA99-D199BB5F1E5A}.Debug|Any CPU.Build.0 = Debug|Any CPU
		{1B3C702E-671F-4B21-AA99-D199BB5F1E5A}.Release|Any CPU.ActiveCfg = Release|Any CPU
		{1B3C702E-671F-4B21-AA99-D199BB5F1E5A}.Release|Any CPU.Build.0 = Release|Any CPU
		{A5CA203B-B0DF-4F87-851F-DD44F91C9F4D}.Debug|Any CPU.ActiveCfg = Debug|Any CPU
		{A5CA203B-B0DF-4F87-851F-DD44F91C9F4D}.Debug|Any CPU.Build.0 = Debug|Any CPU
		{A5CA203B-B0DF-4F87-851F-DD44F91C9F4D}.Release|Any CPU.ActiveCfg = Release|Any CPU
		{A5CA203B-B0DF-4F87-851F-DD44F91C9F4D}.Release|Any CPU.Build.0 = Release|Any CPU
		{A05E8D01-2988-4427-BAE9-6EEDBCC17144}.Debug|Any CPU.ActiveCfg = Debug|Any CPU
		{A05E8D01-2988-4427-BAE9-6EEDBCC17144}.Debug|Any CPU.Build.0 = Debug|Any CPU
		{A05E8D01-2988-4427-BAE9-6EEDBCC17144}.Release|Any CPU.ActiveCfg = Release|Any CPU
		{A05E8D01-2988-4427-BAE9-6EEDBCC17144}.Release|Any CPU.Build.0 = Release|Any CPU
		{B8ED6D41-0957-4EEA-B098-ACB64D4A2556}.Debug|Any CPU.ActiveCfg = Debug|Any CPU
		{B8ED6D41-0957-4EEA-B098-ACB64D4A2556}.Debug|Any CPU.Build.0 = Debug|Any CPU
		{B8ED6D41-0957-4EEA-B098-ACB64D4A2556}.Release|Any CPU.ActiveCfg = Release|Any CPU
		{B8ED6D41-0957-4EEA-B098-ACB64D4A2556}.Release|Any CPU.Build.0 = Release|Any CPU
		{D1B181EA-76DC-4A2B-85E4-B7464F984E27}.Debug|Any CPU.ActiveCfg = Debug|Any CPU
		{D1B181EA-76DC-4A2B-85E4-B7464F984E27}.Debug|Any CPU.Build.0 = Debug|Any CPU
		{D1B181EA-76DC-4A2B-85E4-B7464F984E27}.Release|Any CPU.ActiveCfg = Release|Any CPU
		{D1B181EA-76DC-4A2B-85E4-B7464F984E27}.Release|Any CPU.Build.0 = Release|Any CPU
		{51C0F85C-BD3F-4551-B031-B9C4D074233D}.Debug|Any CPU.ActiveCfg = Debug|Any CPU
		{51C0F85C-BD3F-4551-B031-B9C4D074233D}.Debug|Any CPU.Build.0 = Debug|Any CPU
		{51C0F85C-BD3F-4551-B031-B9C4D074233D}.Release|Any CPU.ActiveCfg = Release|Any CPU
		{51C0F85C-BD3F-4551-B031-B9C4D074233D}.Release|Any CPU.Build.0 = Release|Any CPU
		{8652EDB9-B20C-4EF1-AB05-1613431176E8}.Debug|Any CPU.ActiveCfg = Debug|Any CPU
		{8652EDB9-B20C-4EF1-AB05-1613431176E8}.Debug|Any CPU.Build.0 = Debug|Any CPU
		{8652EDB9-B20C-4EF1-AB05-1613431176E8}.Release|Any CPU.ActiveCfg = Release|Any CPU
		{8652EDB9-B20C-4EF1-AB05-1613431176E8}.Release|Any CPU.Build.0 = Release|Any CPU
		{9C8AC6A0-143F-4287-963B-5A860ADCD031}.Debug|Any CPU.ActiveCfg = Debug|Any CPU
		{9C8AC6A0-143F-4287-963B-5A860ADCD031}.Debug|Any CPU.Build.0 = Debug|Any CPU
		{9C8AC6A0-143F-4287-963B-5A860ADCD031}.Release|Any CPU.ActiveCfg = Release|Any CPU
		{9C8AC6A0-143F-4287-963B-5A860ADCD031}.Release|Any CPU.Build.0 = Release|Any CPU
		{B43BA073-018E-446C-8DC6-A04CA99712AC}.Debug|Any CPU.ActiveCfg = Debug|Any CPU
		{B43BA073-018E-446C-8DC6-A04CA99712AC}.Debug|Any CPU.Build.0 = Debug|Any CPU
		{B43BA073-018E-446C-8DC6-A04CA99712AC}.Release|Any CPU.ActiveCfg = Release|Any CPU
		{B43BA073-018E-446C-8DC6-A04CA99712AC}.Release|Any CPU.Build.0 = Release|Any CPU
		{E52F57F1-F2E7-4F72-8972-967A1A75CE97}.Debug|Any CPU.ActiveCfg = Debug|Any CPU
		{E52F57F1-F2E7-4F72-8972-967A1A75CE97}.Debug|Any CPU.Build.0 = Debug|Any CPU
		{E52F57F1-F2E7-4F72-8972-967A1A75CE97}.Release|Any CPU.ActiveCfg = Release|Any CPU
		{E52F57F1-F2E7-4F72-8972-967A1A75CE97}.Release|Any CPU.Build.0 = Release|Any CPU
		{1A84EE46-FB83-451B-B8A3-7E5E40AD584B}.Debug|Any CPU.ActiveCfg = Debug|Any CPU
		{1A84EE46-FB83-451B-B8A3-7E5E40AD584B}.Debug|Any CPU.Build.0 = Debug|Any CPU
		{1A84EE46-FB83-451B-B8A3-7E5E40AD584B}.Release|Any CPU.ActiveCfg = Release|Any CPU
		{1A84EE46-FB83-451B-B8A3-7E5E40AD584B}.Release|Any CPU.Build.0 = Release|Any CPU
		{7CB5C777-A8DC-485C-8E86-80E4043680E2}.Debug|Any CPU.ActiveCfg = Debug|Any CPU
		{7CB5C777-A8DC-485C-8E86-80E4043680E2}.Debug|Any CPU.Build.0 = Debug|Any CPU
		{7CB5C777-A8DC-485C-8E86-80E4043680E2}.Release|Any CPU.ActiveCfg = Release|Any CPU
		{7CB5C777-A8DC-485C-8E86-80E4043680E2}.Release|Any CPU.Build.0 = Release|Any CPU
		{4E53EAD3-E78A-466D-A238-7FFF6C2C738E}.Debug|Any CPU.ActiveCfg = Debug|Any CPU
		{4E53EAD3-E78A-466D-A238-7FFF6C2C738E}.Debug|Any CPU.Build.0 = Debug|Any CPU
		{4E53EAD3-E78A-466D-A238-7FFF6C2C738E}.Release|Any CPU.ActiveCfg = Release|Any CPU
		{4E53EAD3-E78A-466D-A238-7FFF6C2C738E}.Release|Any CPU.Build.0 = Release|Any CPU
		{D2C77E21-E7C0-4297-8EC8-FE45165BD0DB}.Debug|Any CPU.ActiveCfg = Debug|Any CPU
		{D2C77E21-E7C0-4297-8EC8-FE45165BD0DB}.Debug|Any CPU.Build.0 = Debug|Any CPU
		{D2C77E21-E7C0-4297-8EC8-FE45165BD0DB}.Release|Any CPU.ActiveCfg = Release|Any CPU
		{D2C77E21-E7C0-4297-8EC8-FE45165BD0DB}.Release|Any CPU.Build.0 = Release|Any CPU
		{C7F3D5FA-B414-44B6-8135-F0995D021631}.Debug|Any CPU.ActiveCfg = Debug|Any CPU
		{C7F3D5FA-B414-44B6-8135-F0995D021631}.Debug|Any CPU.Build.0 = Debug|Any CPU
		{C7F3D5FA-B414-44B6-8135-F0995D021631}.Release|Any CPU.ActiveCfg = Release|Any CPU
		{C7F3D5FA-B414-44B6-8135-F0995D021631}.Release|Any CPU.Build.0 = Release|Any CPU
		{E1B9B118-67B7-4EC7-889A-371BDC25D355}.Debug|Any CPU.ActiveCfg = Debug|Any CPU
		{E1B9B118-67B7-4EC7-889A-371BDC25D355}.Debug|Any CPU.Build.0 = Debug|Any CPU
		{E1B9B118-67B7-4EC7-889A-371BDC25D355}.Release|Any CPU.ActiveCfg = Release|Any CPU
		{E1B9B118-67B7-4EC7-889A-371BDC25D355}.Release|Any CPU.Build.0 = Release|Any CPU
		{EAC9743C-8B2C-47EF-8D9B-8C55721EA4DE}.Debug|Any CPU.ActiveCfg = Debug|Any CPU
		{EAC9743C-8B2C-47EF-8D9B-8C55721EA4DE}.Debug|Any CPU.Build.0 = Debug|Any CPU
		{EAC9743C-8B2C-47EF-8D9B-8C55721EA4DE}.Release|Any CPU.ActiveCfg = Release|Any CPU
		{EAC9743C-8B2C-47EF-8D9B-8C55721EA4DE}.Release|Any CPU.Build.0 = Release|Any CPU
		{9D52E74E-753E-4C37-8065-8947CF38DA7C}.Debug|Any CPU.ActiveCfg = Debug|Any CPU
		{9D52E74E-753E-4C37-8065-8947CF38DA7C}.Debug|Any CPU.Build.0 = Debug|Any CPU
		{9D52E74E-753E-4C37-8065-8947CF38DA7C}.Release|Any CPU.ActiveCfg = Release|Any CPU
		{9D52E74E-753E-4C37-8065-8947CF38DA7C}.Release|Any CPU.Build.0 = Release|Any CPU
		{A45C5FA9-FBD1-44F8-862D-03CBD5C4774A}.Debug|Any CPU.ActiveCfg = Debug|Any CPU
		{A45C5FA9-FBD1-44F8-862D-03CBD5C4774A}.Debug|Any CPU.Build.0 = Debug|Any CPU
		{A45C5FA9-FBD1-44F8-862D-03CBD5C4774A}.Release|Any CPU.ActiveCfg = Release|Any CPU
		{A45C5FA9-FBD1-44F8-862D-03CBD5C4774A}.Release|Any CPU.Build.0 = Release|Any CPU
		{983CF266-4B5C-44B2-B4E3-52E1B74F3217}.Debug|Any CPU.ActiveCfg = Debug|Any CPU
		{983CF266-4B5C-44B2-B4E3-52E1B74F3217}.Debug|Any CPU.Build.0 = Debug|Any CPU
		{983CF266-4B5C-44B2-B4E3-52E1B74F3217}.Release|Any CPU.ActiveCfg = Release|Any CPU
		{983CF266-4B5C-44B2-B4E3-52E1B74F3217}.Release|Any CPU.Build.0 = Release|Any CPU
		{AC622C07-579E-40C0-B0EE-105BE7A27A59}.Debug|Any CPU.ActiveCfg = Debug|Any CPU
		{AC622C07-579E-40C0-B0EE-105BE7A27A59}.Debug|Any CPU.Build.0 = Debug|Any CPU
		{AC622C07-579E-40C0-B0EE-105BE7A27A59}.Release|Any CPU.ActiveCfg = Release|Any CPU
		{AC622C07-579E-40C0-B0EE-105BE7A27A59}.Release|Any CPU.Build.0 = Release|Any CPU
		{84E40E3C-5FF2-4374-9F3D-2BFBE878732A}.Debug|Any CPU.ActiveCfg = Debug|Any CPU
		{84E40E3C-5FF2-4374-9F3D-2BFBE878732A}.Debug|Any CPU.Build.0 = Debug|Any CPU
		{84E40E3C-5FF2-4374-9F3D-2BFBE878732A}.Release|Any CPU.ActiveCfg = Release|Any CPU
		{84E40E3C-5FF2-4374-9F3D-2BFBE878732A}.Release|Any CPU.Build.0 = Release|Any CPU
	EndGlobalSection
	GlobalSection(SolutionProperties) = preSolution
		HideSolutionNode = FALSE
	EndGlobalSection
	GlobalSection(NestedProjects) = preSolution
		{B7EB2615-D8AB-446A-A2CD-4D5A2751B761} = {C06B46E2-FE3C-412E-87F0-F2BDEF068123}
		{7D681D1A-B35E-4E81-A731-3FB7FE57649E} = {2C7885E8-6DCE-4826-8438-EAB51B22DCC5}
		{68B2FD7E-BE5C-4B57-A6FA-BDC77362B4CC} = {3DA7069C-3B35-44A6-97E5-31C50B0F666D}
		{2C7885E8-6DCE-4826-8438-EAB51B22DCC5} = {68B2FD7E-BE5C-4B57-A6FA-BDC77362B4CC}
		{C06B46E2-FE3C-412E-87F0-F2BDEF068123} = {3DA7069C-3B35-44A6-97E5-31C50B0F666D}
		{E7B9C3E2-6F28-4E5D-A1A7-9B2F313B5DB0} = {4352D366-EC5C-43F3-AD54-7A36A4BE0BA4}
		{3DA7069C-3B35-44A6-97E5-31C50B0F666D} = {6447FD98-2D85-48B0-9AC3-6D1D91B5399B}
		{47A56782-2C0F-48ED-BB23-8BB727BE0BE7} = {6447FD98-2D85-48B0-9AC3-6D1D91B5399B}
		{5D173104-581B-47FD-AAD7-C7F165438084} = {47A56782-2C0F-48ED-BB23-8BB727BE0BE7}
		{BDF498E9-8739-48DF-B72C-9456B4507A16} = {6447FD98-2D85-48B0-9AC3-6D1D91B5399B}
		{C35AFD08-EE68-4C7D-90E9-1C0ADDEFF14F} = {BDF498E9-8739-48DF-B72C-9456B4507A16}
		{D52DA70C-FD89-4B82-A42D-20454C0B1764} = {4352D366-EC5C-43F3-AD54-7A36A4BE0BA4}
		{8E6E80AA-29D0-4C86-B5A3-65B49FB4BAFB} = {3DA7069C-3B35-44A6-97E5-31C50B0F666D}
		{DCFE29DE-01FF-4CF5-A693-ECCA4A1ABE1A} = {4352D366-EC5C-43F3-AD54-7A36A4BE0BA4}
		{CA94880F-D6D3-4A93-B27B-AB7BDAB1AED8} = {BDF498E9-8739-48DF-B72C-9456B4507A16}
		{F534E01B-84FD-49BC-B6E5-93FCCDC94027} = {3DA7069C-3B35-44A6-97E5-31C50B0F666D}
		{FFB6DE1F-1E29-4B88-9DF6-77032060D0F6} = {F534E01B-84FD-49BC-B6E5-93FCCDC94027}
		{76D67869-C7FA-4FB4-8528-909E0D64FAF3} = {AB74F255-0C8E-40D8-8F26-6B5FEA417481}
		{AB74F255-0C8E-40D8-8F26-6B5FEA417481} = {6447FD98-2D85-48B0-9AC3-6D1D91B5399B}
		{BFBF9147-4384-4372-8A83-445BA628E8D6} = {3DA7069C-3B35-44A6-97E5-31C50B0F666D}
		{7C107FA6-E189-43ED-A7F7-1F3A5A9E8AED} = {4352D366-EC5C-43F3-AD54-7A36A4BE0BA4}
		{3FEB12BD-D245-4C57-83F5-7E0FC6313096} = {4352D366-EC5C-43F3-AD54-7A36A4BE0BA4}
		{724D8FC9-9A7A-4A47-B866-8AFB57B05E6D} = {4352D366-EC5C-43F3-AD54-7A36A4BE0BA4}
		{725AEBCC-52A8-450C-A8F8-29B7CA1B6463} = {3DA7069C-3B35-44A6-97E5-31C50B0F666D}
		{436702EF-0077-4EFC-B4C6-C9BCE70B0141} = {4352D366-EC5C-43F3-AD54-7A36A4BE0BA4}
		{797673F6-9205-413F-9613-0E98F64FB58C} = {4352D366-EC5C-43F3-AD54-7A36A4BE0BA4}
		{5C0A0A02-97A6-4599-A6F3-2709B672849C} = {3DA7069C-3B35-44A6-97E5-31C50B0F666D}
		{69559E5D-4C43-453C-92BC-CEE127F74133} = {4352D366-EC5C-43F3-AD54-7A36A4BE0BA4}
		{0AEB3A28-5B40-41EE-862F-744F28A95932} = {4352D366-EC5C-43F3-AD54-7A36A4BE0BA4}
		{98F41D58-E06A-4AB5-AC80-13E8D13B1D3D} = {4352D366-EC5C-43F3-AD54-7A36A4BE0BA4}
		{ABA448FF-8F06-42AB-A43D-FB50AEEFA9E2} = {98F41D58-E06A-4AB5-AC80-13E8D13B1D3D}
		{4C8E6750-97D4-4604-AA90-C263C5557B8E} = {68B2FD7E-BE5C-4B57-A6FA-BDC77362B4CC}
		{F8341092-6C4A-400E-B20E-14E3A81BFBF5} = {68B2FD7E-BE5C-4B57-A6FA-BDC77362B4CC}
		{5FBB51F6-F5E8-436D-A0D9-3A4AFAFE59F6} = {68B2FD7E-BE5C-4B57-A6FA-BDC77362B4CC}
		{1B3C702E-671F-4B21-AA99-D199BB5F1E5A} = {5FBB51F6-F5E8-436D-A0D9-3A4AFAFE59F6}
		{A5CA203B-B0DF-4F87-851F-DD44F91C9F4D} = {5FBB51F6-F5E8-436D-A0D9-3A4AFAFE59F6}
		{A05E8D01-2988-4427-BAE9-6EEDBCC17144} = {5FBB51F6-F5E8-436D-A0D9-3A4AFAFE59F6}
		{B8ED6D41-0957-4EEA-B098-ACB64D4A2556} = {5FBB51F6-F5E8-436D-A0D9-3A4AFAFE59F6}
		{D1B181EA-76DC-4A2B-85E4-B7464F984E27} = {015B5211-29BA-46FD-9624-288E79BB6CCA}
		{51C0F85C-BD3F-4551-B031-B9C4D074233D} = {68B2FD7E-BE5C-4B57-A6FA-BDC77362B4CC}
		{8652EDB9-B20C-4EF1-AB05-1613431176E8} = {3DA7069C-3B35-44A6-97E5-31C50B0F666D}
		{015B5211-29BA-46FD-9624-288E79BB6CCA} = {68B2FD7E-BE5C-4B57-A6FA-BDC77362B4CC}
		{9C8AC6A0-143F-4287-963B-5A860ADCD031} = {015B5211-29BA-46FD-9624-288E79BB6CCA}
		{B43BA073-018E-446C-8DC6-A04CA99712AC} = {AAB009C7-9166-441B-926A-8234D32900FF}
		{AAB009C7-9166-441B-926A-8234D32900FF} = {6447FD98-2D85-48B0-9AC3-6D1D91B5399B}
		{E52F57F1-F2E7-4F72-8972-967A1A75CE97} = {68B2FD7E-BE5C-4B57-A6FA-BDC77362B4CC}
		{1A84EE46-FB83-451B-B8A3-7E5E40AD584B} = {015B5211-29BA-46FD-9624-288E79BB6CCA}
		{7CB5C777-A8DC-485C-8E86-80E4043680E2} = {4352D366-EC5C-43F3-AD54-7A36A4BE0BA4}
		{4E53EAD3-E78A-466D-A238-7FFF6C2C738E} = {4352D366-EC5C-43F3-AD54-7A36A4BE0BA4}
		{D2C77E21-E7C0-4297-8EC8-FE45165BD0DB} = {BDF498E9-8739-48DF-B72C-9456B4507A16}
		{C47E8DA4-6AE2-4802-A70D-763A41EF5425} = {2C7885E8-6DCE-4826-8438-EAB51B22DCC5}
		{C7F3D5FA-B414-44B6-8135-F0995D021631} = {2C7885E8-6DCE-4826-8438-EAB51B22DCC5}
		{E1B9B118-67B7-4EC7-889A-371BDC25D355} = {2C7885E8-6DCE-4826-8438-EAB51B22DCC5}
		{EAC9743C-8B2C-47EF-8D9B-8C55721EA4DE} = {2C7885E8-6DCE-4826-8438-EAB51B22DCC5}
		{EC08B013-3FF4-4D00-921F-5AC025C7F32F} = {68B2FD7E-BE5C-4B57-A6FA-BDC77362B4CC}
		{9D52E74E-753E-4C37-8065-8947CF38DA7C} = {EC08B013-3FF4-4D00-921F-5AC025C7F32F}
		{A45C5FA9-FBD1-44F8-862D-03CBD5C4774A} = {EC08B013-3FF4-4D00-921F-5AC025C7F32F}
		{983CF266-4B5C-44B2-B4E3-52E1B74F3217} = {EC08B013-3FF4-4D00-921F-5AC025C7F32F}
		{AC622C07-579E-40C0-B0EE-105BE7A27A59} = {EC08B013-3FF4-4D00-921F-5AC025C7F32F}
		{84E40E3C-5FF2-4374-9F3D-2BFBE878732A} = {EC08B013-3FF4-4D00-921F-5AC025C7F32F}
	EndGlobalSection
	GlobalSection(ExtensibilityGlobals) = postSolution
		SolutionGuid = {598A3A02-79C7-4D50-889E-D65594383E6D}
	EndGlobalSection
EndGlobal
